
Microsoft Visual Studio Solution File, Format Version 12.00
# Visual Studio Version 17
VisualStudioVersion = 17.4.33122.133
MinimumVisualStudioVersion = 10.0.40219.1
Project("{FAE04EC0-301F-11D3-BF4B-00C04F79EFBC}") = "Griffin.Data", "Griffin.Data\Griffin.Data.csproj", "{40C1806B-C4D2-42B2-AB20-2358856D7ACE}"
EndProject
Project("{FAE04EC0-301F-11D3-BF4B-00C04F79EFBC}") = "Griffin.Data.Tests", "Griffin.Data.Tests\Griffin.Data.Tests.csproj", "{7D5928DE-675A-47D4-BBAA-C2B828F731A2}"
EndProject
Global
	GlobalSection(SolutionConfigurationPlatforms) = preSolution
		Debug|Any CPU = Debug|Any CPU
		Release|Any CPU = Release|Any CPU
	EndGlobalSection
	GlobalSection(ProjectConfigurationPlatforms) = postSolution
		{40C1806B-C4D2-42B2-AB20-2358856D7ACE}.Debug|Any CPU.ActiveCfg = Debug|Any CPU
		{40C1806B-C4D2-42B2-AB20-2358856D7ACE}.Debug|Any CPU.Build.0 = Debug|Any CPU
		{40C1806B-C4D2-42B2-AB20-2358856D7ACE}.Release|Any CPU.ActiveCfg = Release|Any CPU
		{40C1806B-C4D2-42B2-AB20-2358856D7ACE}.Release|Any CPU.Build.0 = Release|Any CPU
		{7D5928DE-675A-47D4-BBAA-C2B828F731A2}.Debug|Any CPU.ActiveCfg = Debug|Any CPU
		{7D5928DE-675A-47D4-BBAA-C2B828F731A2}.Debug|Any CPU.Build.0 = Debug|Any CPU
		{7D5928DE-675A-47D4-BBAA-C2B828F731A2}.Release|Any CPU.ActiveCfg = Release|Any CPU
		{7D5928DE-675A-47D4-BBAA-C2B828F731A2}.Release|Any CPU.Build.0 = Release|Any CPU
	EndGlobalSection
	GlobalSection(SolutionProperties) = preSolution
		HideSolutionNode = FALSE
	EndGlobalSection
	GlobalSection(ExtensibilityGlobals) = postSolution
		SolutionGuid = {7FB6DE79-3390-4E27-968F-797674B1C275}
	EndGlobalSection
EndGlobal
